
Microsoft Visual Studio Solution File, Format Version 12.00
# Visual Studio Version 17
VisualStudioVersion = 17.2.32519.379
MinimumVisualStudioVersion = 10.0.40219.1
Project("{9A19103F-16F7-4668-BE54-9A1E7A4F7556}") = "MetaData.WebAPI", "MetaData.WebAPI\MetaData.WebAPI.csproj", "{7B51689E-5793-4DFB-A0C0-153EA15FE932}"
EndProject
Global
	GlobalSection(SolutionConfigurationPlatforms) = preSolution
		Debug|Any CPU = Debug|Any CPU
		Release|Any CPU = Release|Any CPU
	EndGlobalSection
	GlobalSection(ProjectConfigurationPlatforms) = postSolution
		{7B51689E-5793-4DFB-A0C0-153EA15FE932}.Debug|Any CPU.ActiveCfg = Debug|Any CPU
		{7B51689E-5793-4DFB-A0C0-153EA15FE932}.Debug|Any CPU.Build.0 = Debug|Any CPU
		{7B51689E-5793-4DFB-A0C0-153EA15FE932}.Release|Any CPU.ActiveCfg = Release|Any CPU
		{7B51689E-5793-4DFB-A0C0-153EA15FE932}.Release|Any CPU.Build.0 = Release|Any CPU
	EndGlobalSection
	GlobalSection(SolutionProperties) = preSolution
		HideSolutionNode = FALSE
	EndGlobalSection
	GlobalSection(ExtensibilityGlobals) = postSolution
		SolutionGuid = {FA6D6629-7516-443E-A324-AA0A6D313CF7}
	EndGlobalSection
EndGlobal
